
Microsoft Visual Studio Solution File, Format Version 12.00
# Visual Studio Version 17
VisualStudioVersion = 17.5.002.0
MinimumVisualStudioVersion = 10.0.40219.1
Project("{9A19103F-16F7-4668-BE54-9A1E7A4F7556}") = "rinha", "rinha\rinha.csproj", "{5A8EF8B9-57E6-41CA-90CA-670765F627EB}"
EndProject
Global
	GlobalSection(SolutionConfigurationPlatforms) = preSolution
		Debug|Any CPU = Debug|Any CPU
		Release|Any CPU = Release|Any CPU
	EndGlobalSection
	GlobalSection(ProjectConfigurationPlatforms) = postSolution
		{5A8EF8B9-57E6-41CA-90CA-670765F627EB}.Debug|Any CPU.ActiveCfg = Debug|Any CPU
		{5A8EF8B9-57E6-41CA-90CA-670765F627EB}.Debug|Any CPU.Build.0 = Debug|Any CPU
		{5A8EF8B9-57E6-41CA-90CA-670765F627EB}.Release|Any CPU.ActiveCfg = Release|Any CPU
		{5A8EF8B9-57E6-41CA-90CA-670765F627EB}.Release|Any CPU.Build.0 = Release|Any CPU
	EndGlobalSection
	GlobalSection(SolutionProperties) = preSolution
		HideSolutionNode = FALSE
	EndGlobalSection
	GlobalSection(ExtensibilityGlobals) = postSolution
		SolutionGuid = {2C543B40-A3A7-4FEF-85E8-9ACA453D0C93}
	EndGlobalSection
EndGlobal
